// !$*UTF8*$!
{
	archiveVersion = 1;
	classes = {
	};
	objectVersion = 63;
	objects = {

/* Begin PBXBuildFile section */
		0B4F1819FCD6D3AC0099BCCC /* SettingsView.swift in Sources */ = {isa = PBXBuildFile; fileRef = E6CD00094F858DB877F43EB8 /* SettingsView.swift */; };
		5176FDBD2B64A612B131FCA5 /* Localizable.xcstrings in Resources */ = {isa = PBXBuildFile; fileRef = CB5A89B7D03139E629054225 /* Localizable.xcstrings */; };
		7CD6C87E01712E45951332FA /* ExportView.swift in Sources */ = {isa = PBXBuildFile; fileRef = 08D90BC30821057BAB618F8D /* ExportView.swift */; };
		93381A7525187AD95C2CD9E8 /* RootView.swift in Sources */ = {isa = PBXBuildFile; fileRef = FE94278A39C9D3C349082A9A /* RootView.swift */; };
		9778A56512E6192F2CC6C3C9 /* ImportView.swift in Sources */ = {isa = PBXBuildFile; fileRef = F0873D5274CFF7F4EA1C7C80 /* ImportView.swift */; };
		A682C8765D8B849AA928CD44 /* PubMergeApp.swift in Sources */ = {isa = PBXBuildFile; fileRef = FB1383106E8D2FB8CA8EF872 /* PubMergeApp.swift */; };
		AB5CF548C7A1E6ED2E1D66BC /* Theme.swift in Sources */ = {isa = PBXBuildFile; fileRef = 63D8297A31C1F36E72F7E68A /* Theme.swift */; };
		A1C2D3E4F50617283A4B5C6D /* AdaptiveLayout.swift in Sources */ = {isa = PBXBuildFile; fileRef = B2D3E4F50617283A4B5C6D7E /* AdaptiveLayout.swift */; };
		B629E74B350DCACD191FA621 /* ConflictsView.swift in Sources */ = {isa = PBXBuildFile; fileRef = A7E6DE582E7A2478BFD5C09A /* ConflictsView.swift */; };
		B83B59330A56A7889DF60915 /* PubMergeCore in Frameworks */ = {isa = PBXBuildFile; productRef = 1A06414EC7E14CC864C762F6 /* PubMergeCore */; };
		CF1C9E9EE1FA33F46CD43411 /* Assets.xcassets in Resources */ = {isa = PBXBuildFile; fileRef = F5CCB616B30F002656DF88E2 /* Assets.xcassets */; };
		D1C685C7329AEF44FA7D67AE /* PubMergeCore in Frameworks */ = {isa = PBXBuildFile; productRef = CBC393250AFF60A1BEB3FD33 /* PubMergeCore */; };
		E339C7B0504089AF0785E4C2 /* PubMergeCoreTests.swift in Sources */ = {isa = PBXBuildFile; fileRef = DF5179108F123B651A20608C /* PubMergeCoreTests.swift */; };
		E41675C1BC7387032DB0B4F4 /* LibrarySession.swift in Sources */ = {isa = PBXBuildFile; fileRef = FC3207493FD3C54374634B67 /* LibrarySession.swift */; };
		C8E1A2B3D5F708192A3B4C5D /* LanguageController.swift in Sources */ = {isa = PBXBuildFile; fileRef = D9F2B3C4E608192A3B4C5D6E /* LanguageController.swift */; };
		E0F1A2B3C4D5E60718293A4B /* StoreScreenshotDemo.swift in Sources */ = {isa = PBXBuildFile; fileRef = F1A2B3C4D5E60718293A4B5C /* StoreScreenshotDemo.swift */; };
		F14CF687EBC7AE9EF0FF8945 /* CompareView.swift in Sources */ = {isa = PBXBuildFile; fileRef = 9C5E3B9B86FD9AC6D14C0541 /* CompareView.swift */; };
/* End PBXBuildFile section */

/* Begin PBXFileReference section */
		08D90BC30821057BAB618F8D /* ExportView.swift */ = {isa = PBXFileReference; lastKnownFileType = sourcecode.swift; path = ExportView.swift; sourceTree = "<group>"; };
		0A82B125B8A0024216832F18 /* PubMergeCoreTests.xctest */ = {isa = PBXFileReference; explicitFileType = wrapper.cfbundle; includeInIndex = 0; path = PubMergeCoreTests.xctest; sourceTree = BUILT_PRODUCTS_DIR; };
		2B5439F6BE6D6569EB1DBD5C /* PubMerge.entitlements */ = {isa = PBXFileReference; lastKnownFileType = text.plist.entitlements; path = PubMerge.entitlements; sourceTree = "<group>"; };
		3B233E0B1DFFB42731D82EDB /* PubMergeCore */ = {isa = PBXFileReference; lastKnownFileType = folder; name = PubMergeCore; path = Packages/PubMergeCore; sourceTree = SOURCE_ROOT; };
		63D8297A31C1F36E72F7E68A /* Theme.swift */ = {isa = PBXFileReference; lastKnownFileType = sourcecode.swift; path = Theme.swift; sourceTree = "<group>"; };
		B2D3E4F50617283A4B5C6D7E /* AdaptiveLayout.swift */ = {isa = PBXFileReference; lastKnownFileType = sourcecode.swift; path = AdaptiveLayout.swift; sourceTree = "<group>"; };
		9C5E3B9B86FD9AC6D14C0541 /* CompareView.swift */ = {isa = PBXFileReference; lastKnownFileType = sourcecode.swift; path = CompareView.swift; sourceTree = "<group>"; };
		A7E6DE582E7A2478BFD5C09A /* ConflictsView.swift */ = {isa = PBXFileReference; lastKnownFileType = sourcecode.swift; path = ConflictsView.swift; sourceTree = "<group>"; };
		CB5A89B7D03139E629054225 /* Localizable.xcstrings */ = {isa = PBXFileReference; lastKnownFileType = text.json.xcstrings; path = Localizable.xcstrings; sourceTree = "<group>"; };
		DF5179108F123B651A20608C /* PubMergeCoreTests.swift */ = {isa = PBXFileReference; lastKnownFileType = sourcecode.swift; path = PubMergeCoreTests.swift; sourceTree = "<group>"; };
		E6CD00094F858DB877F43EB8 /* SettingsView.swift */ = {isa = PBXFileReference; lastKnownFileType = sourcecode.swift; path = SettingsView.swift; sourceTree = "<group>"; };
		E819AF05E936CE0EEDB33F68 /* PubMerge.app */ = {isa = PBXFileReference; explicitFileType = wrapper.application; includeInIndex = 0; path = PubMerge.app; sourceTree = BUILT_PRODUCTS_DIR; };
		F0873D5274CFF7F4EA1C7C80 /* ImportView.swift */ = {isa = PBXFileReference; lastKnownFileType = sourcecode.swift; path = ImportView.swift; sourceTree = "<group>"; };
		F5CCB616B30F002656DF88E2 /* Assets.xcassets */ = {isa = PBXFileReference; lastKnownFileType = folder.assetcatalog; path = Assets.xcassets; sourceTree = "<group>"; };
		FB1383106E8D2FB8CA8EF872 /* PubMergeApp.swift */ = {isa = PBXFileReference; lastKnownFileType = sourcecode.swift; path = PubMergeApp.swift; sourceTree = "<group>"; };
		FC3207493FD3C54374634B67 /* LibrarySession.swift */ = {isa = PBXFileReference; lastKnownFileType = sourcecode.swift; path = LibrarySession.swift; sourceTree = "<group>"; };
		D9F2B3C4E608192A3B4C5D6E /* LanguageController.swift */ = {isa = PBXFileReference; lastKnownFileType = sourcecode.swift; path = LanguageController.swift; sourceTree = "<group>"; };
		F1A2B3C4D5E60718293A4B5C /* StoreScreenshotDemo.swift */ = {isa = PBXFileReference; lastKnownFileType = sourcecode.swift; path = StoreScreenshotDemo.swift; sourceTree = "<group>"; };
		FE94278A39C9D3C349082A9A /* RootView.swift */ = {isa = PBXFileReference; lastKnownFileType = sourcecode.swift; path = RootView.swift; sourceTree = "<group>"; };
/* End PBXFileReference section */

/* Begin PBXFrameworksBuildPhase section */
		1D6357A69D578F41CBC4644E /* Frameworks */ = {
			isa = PBXFrameworksBuildPhase;
			buildActionMask = 2147483647;
			files = (
				B83B59330A56A7889DF60915 /* PubMergeCore in Frameworks */,
			);
			runOnlyForDeploymentPostprocessing = 0;
		};
		4E0BF57DB0FDD7D3FD96E1EC /* Frameworks */ = {
			isa = PBXFrameworksBuildPhase;
			buildActionMask = 2147483647;
			files = (
				D1C685C7329AEF44FA7D67AE /* PubMergeCore in Frameworks */,
			);
			runOnlyForDeploymentPostprocessing = 0;
		};
/* End PBXFrameworksBuildPhase section */

/* Begin PBXGroup section */
		06A44EC247386A43E756DD72 /* PubMergeCoreTests */ = {
			isa = PBXGroup;
			children = (
				DF5179108F123B651A20608C /* PubMergeCoreTests.swift */,
			);
			path = PubMergeCoreTests;
			sourceTree = "<group>";
		};
		10DD17BF8B631B154DD54EC3 /* Import */ = {
			isa = PBXGroup;
			children = (
				F0873D5274CFF7F4EA1C7C80 /* ImportView.swift */,
			);
			path = Import;
			sourceTree = "<group>";
		};
		1D6D1FED6E975A56630BF13A /* Packages */ = {
			isa = PBXGroup;
			children = (
				3B233E0B1DFFB42731D82EDB /* PubMergeCore */,
				9A4D16DCDC4F30A5777831C7 /* PubMergeCore */,
			);
			path = Packages;
			sourceTree = "<group>";
		};
		2575590112B935B5AEC856BF /* Export */ = {
			isa = PBXGroup;
			children = (
				08D90BC30821057BAB618F8D /* ExportView.swift */,
			);
			path = Export;
			sourceTree = "<group>";
		};
		2A1BABB07B62E023EE1978ED /* SharedUI */ = {
			isa = PBXGroup;
			children = (
				B2D3E4F50617283A4B5C6D7E /* AdaptiveLayout.swift */,
				63D8297A31C1F36E72F7E68A /* Theme.swift */,
			);
			path = SharedUI;
			sourceTree = "<group>";
		};
		305E5C0C52FA28C5FC72AE1A /* Conflicts */ = {
			isa = PBXGroup;
			children = (
				A7E6DE582E7A2478BFD5C09A /* ConflictsView.swift */,
			);
			path = Conflicts;
			sourceTree = "<group>";
		};
		3957A62DFDAD8DB381D38E69 /* Resources */ = {
			isa = PBXGroup;
			children = (
				CB5A89B7D03139E629054225 /* Localizable.xcstrings */,
			);
			path = Resources;
			sourceTree = "<group>";
		};
		414FCE339ED8BC229D6ECCCA /* Features */ = {
			isa = PBXGroup;
			children = (
				FE94278A39C9D3C349082A9A /* RootView.swift */,
				AF46BF23C0C29928CD82AE4D /* Compare */,
				305E5C0C52FA28C5FC72AE1A /* Conflicts */,
				2575590112B935B5AEC856BF /* Export */,
				10DD17BF8B631B154DD54EC3 /* Import */,
				55672B1AEE4640D77C1659F6 /* Settings */,
			);
			path = Features;
			sourceTree = "<group>";
		};
		55672B1AEE4640D77C1659F6 /* Settings */ = {
			isa = PBXGroup;
			children = (
				E6CD00094F858DB877F43EB8 /* SettingsView.swift */,
			);
			path = Settings;
			sourceTree = "<group>";
		};
		5F4368D4D4D47FD3BFE09752 /* Products */ = {
			isa = PBXGroup;
			children = (
				E819AF05E936CE0EEDB33F68 /* PubMerge.app */,
				0A82B125B8A0024216832F18 /* PubMergeCoreTests.xctest */,
			);
			name = Products;
			sourceTree = "<group>";
		};
		61CA9EE63ED88A42D10749D7 /* App */ = {
			isa = PBXGroup;
			children = (
				F5CCB616B30F002656DF88E2 /* Assets.xcassets */,
				2B5439F6BE6D6569EB1DBD5C /* PubMerge.entitlements */,
				FB1383106E8D2FB8CA8EF872 /* PubMergeApp.swift */,
				414FCE339ED8BC229D6ECCCA /* Features */,
				3957A62DFDAD8DB381D38E69 /* Resources */,
				2A1BABB07B62E023EE1978ED /* SharedUI */,
				94A30372D7222C21F725097D /* ViewModels */,
			);
			path = App;
			sourceTree = "<group>";
		};
		7462935A1E88455BF11778A6 = {
			isa = PBXGroup;
			children = (
				61CA9EE63ED88A42D10749D7 /* App */,
				1D6D1FED6E975A56630BF13A /* Packages */,
				5F4368D4D4D47FD3BFE09752 /* Products */,
			);
			sourceTree = "<group>";
		};
		94A30372D7222C21F725097D /* ViewModels */ = {
			isa = PBXGroup;
			children = (
				D9F2B3C4E608192A3B4C5D6E /* LanguageController.swift */,
				FC3207493FD3C54374634B67 /* LibrarySession.swift */,
				F1A2B3C4D5E60718293A4B5C /* StoreScreenshotDemo.swift */,
			);
			path = ViewModels;
			sourceTree = "<group>";
		};
		9A4D16DCDC4F30A5777831C7 /* PubMergeCore */ = {
			isa = PBXGroup;
			children = (
				CCCC98CCCF81D6141FB093FC /* Tests */,
			);
			path = PubMergeCore;
			sourceTree = "<group>";
		};
		AF46BF23C0C29928CD82AE4D /* Compare */ = {
			isa = PBXGroup;
			children = (
				9C5E3B9B86FD9AC6D14C0541 /* CompareView.swift */,
			);
			path = Compare;
			sourceTree = "<group>";
		};
		CCCC98CCCF81D6141FB093FC /* Tests */ = {
			isa = PBXGroup;
			children = (
				06A44EC247386A43E756DD72 /* PubMergeCoreTests */,
			);
			path = Tests;
			sourceTree = "<group>";
		};
/* End PBXGroup section */

/* Begin PBXNativeTarget section */
		7C06E53F44FC121B8D93D529 /* PubMergeCoreTests */ = {
			isa = PBXNativeTarget;
			buildConfigurationList = B02579D8CFC2331A23B52A1A /* Build configuration list for PBXNativeTarget "PubMergeCoreTests" */;
			buildPhases = (
				8C4DD79363872EDCBD0989AB /* Sources */,
				4E0BF57DB0FDD7D3FD96E1EC /* Frameworks */,
			);
			buildRules = (
			);
			dependencies = (
			);
			name = PubMergeCoreTests;
			packageProductDependencies = (
				CBC393250AFF60A1BEB3FD33 /* PubMergeCore */,
			);
			productName = PubMergeCoreTests;
			productReference = 0A82B125B8A0024216832F18 /* PubMergeCoreTests.xctest */;
			productType = "com.apple.product-type.bundle.unit-test";
		};
		C829C007113426E45F4827B5 /* PubMerge */ = {
			isa = PBXNativeTarget;
			buildConfigurationList = 596B2520C44634EF5D101C7F /* Build configuration list for PBXNativeTarget "PubMerge" */;
			buildPhases = (
				CAE9656ADCCF619C6876BA72 /* Sources */,
				B3C2632E721D7E9AC8FF069A /* Resources */,
				1D6357A69D578F41CBC4644E /* Frameworks */,
			);
			buildRules = (
			);
			dependencies = (
			);
			name = PubMerge;
			packageProductDependencies = (
				1A06414EC7E14CC864C762F6 /* PubMergeCore */,
			);
			productName = PubMerge;
			productReference = E819AF05E936CE0EEDB33F68 /* PubMerge.app */;
			productType = "com.apple.product-type.application";
		};
/* End PBXNativeTarget section */

/* Begin PBXProject section */
		6AB158C00FA82075B0B005A3 /* Project object */ = {
			isa = PBXProject;
			attributes = {
				BuildIndependentTargetsInParallel = YES;
				LastUpgradeCheck = 1430;
				TargetAttributes = {
					7C06E53F44FC121B8D93D529 = {
						ProvisioningStyle = Automatic;
					};
					C829C007113426E45F4827B5 = {
						ProvisioningStyle = Automatic;
					};
				};
			};
			buildConfigurationList = 123E34F7A0831C6591F4CCDA /* Build configuration list for PBXProject "PubMerge" */;
			compatibilityVersion = "Xcode 14.0";
			developmentRegion = es;
			hasScannedForEncodings = 0;
			knownRegions = (
				Base,
				en,
				es,
				"zh-Hans",
				"zh-Hant",
			);
			mainGroup = 7462935A1E88455BF11778A6;
			minimizedProjectReferenceProxies = 1;
			packageReferences = (
				B9BCF2ACFC8D07D1C5099451 /* XCLocalSwiftPackageReference "Packages/PubMergeCore" */,
			);
			projectDirPath = "";
			projectRoot = "";
			targets = (
				C829C007113426E45F4827B5 /* PubMerge */,
				7C06E53F44FC121B8D93D529 /* PubMergeCoreTests */,
			);
		};
/* End PBXProject section */

/* Begin PBXResourcesBuildPhase section */
		B3C2632E721D7E9AC8FF069A /* Resources */ = {
			isa = PBXResourcesBuildPhase;
			buildActionMask = 2147483647;
			files = (
				CF1C9E9EE1FA33F46CD43411 /* Assets.xcassets in Resources */,
				5176FDBD2B64A612B131FCA5 /* Localizable.xcstrings in Resources */,
			);
			runOnlyForDeploymentPostprocessing = 0;
		};
/* End PBXResourcesBuildPhase section */

/* Begin PBXSourcesBuildPhase section */
		8C4DD79363872EDCBD0989AB /* Sources */ = {
			isa = PBXSourcesBuildPhase;
			buildActionMask = 2147483647;
			files = (
				E339C7B0504089AF0785E4C2 /* PubMergeCoreTests.swift in Sources */,
			);
			runOnlyForDeploymentPostprocessing = 0;
		};
		CAE9656ADCCF619C6876BA72 /* Sources */ = {
			isa = PBXSourcesBuildPhase;
			buildActionMask = 2147483647;
			files = (
				F14CF687EBC7AE9EF0FF8945 /* CompareView.swift in Sources */,
				B629E74B350DCACD191FA621 /* ConflictsView.swift in Sources */,
				7CD6C87E01712E45951332FA /* ExportView.swift in Sources */,
				9778A56512E6192F2CC6C3C9 /* ImportView.swift in Sources */,
				C8E1A2B3D5F708192A3B4C5D /* LanguageController.swift in Sources */,
				E0F1A2B3C4D5E60718293A4B /* StoreScreenshotDemo.swift in Sources */,
				E41675C1BC7387032DB0B4F4 /* LibrarySession.swift in Sources */,
				A682C8765D8B849AA928CD44 /* PubMergeApp.swift in Sources */,
				93381A7525187AD95C2CD9E8 /* RootView.swift in Sources */,
				0B4F1819FCD6D3AC0099BCCC /* SettingsView.swift in Sources */,
				A1C2D3E4F50617283A4B5C6D /* AdaptiveLayout.swift in Sources */,
				AB5CF548C7A1E6ED2E1D66BC /* Theme.swift in Sources */,
			);
			runOnlyForDeploymentPostprocessing = 0;
		};
/* End PBXSourcesBuildPhase section */

/* Begin XCBuildConfiguration section */
		79633FF2A6E2209CD6701B9A /* Release */ = {
			isa = XCBuildConfiguration;
			buildSettings = {
				ASSETCATALOG_COMPILER_APPICON_NAME = AppIcon;
				ASSETCATALOG_COMPILER_GLOBAL_ACCENT_COLOR_NAME = AccentColor;
				CODE_SIGN_ENTITLEMENTS = App/PubMerge.entitlements;
				CODE_SIGN_IDENTITY = "iPhone Developer";
				COMBINE_HIDPI_IMAGES = YES;
				DERIVE_MACCATALYST_PRODUCT_BUNDLE_IDENTIFIER = NO;
				DEVELOPMENT_TEAM = 4528JQYZKF;
				INFOPLIST_FILE = App/Info.plist;
				LD_RUNPATH_SEARCH_PATHS = (
					"$(inherited)",
					"@executable_path/Frameworks",
				);
				PRODUCT_BUNDLE_IDENTIFIER = app.pubmerge.PubMerge;
				PRODUCT_NAME = PubMerge;
				SDKROOT = auto;
				SUPPORTED_PLATFORMS = "iphoneos iphonesimulator macosx";
				SUPPORTS_MACCATALYST = NO;
				SUPPORTS_MAC_DESIGNED_FOR_IPHONE_IPAD = NO;
				SUPPORTS_XR_DESIGNED_FOR_IPHONE_IPAD = YES;
				TARGETED_DEVICE_FAMILY = "1,2";
			};
			name = Release;
		};
		8730C4A8773495A59AD5DA67 /* Debug */ = {
			isa = XCBuildConfiguration;
			buildSettings = {
				ASSETCATALOG_COMPILER_APPICON_NAME = AppIcon;
				ASSETCATALOG_COMPILER_GLOBAL_ACCENT_COLOR_NAME = AccentColor;
				CODE_SIGN_ENTITLEMENTS = App/PubMerge.entitlements;
				CODE_SIGN_IDENTITY = "iPhone Developer";
				COMBINE_HIDPI_IMAGES = YES;
				DERIVE_MACCATALYST_PRODUCT_BUNDLE_IDENTIFIER = NO;
				DEVELOPMENT_TEAM = 4528JQYZKF;
				INFOPLIST_FILE = App/Info.plist;
				LD_RUNPATH_SEARCH_PATHS = (
					"$(inherited)",
					"@executable_path/Frameworks",
				);
				PRODUCT_BUNDLE_IDENTIFIER = app.pubmerge.PubMerge;
				PRODUCT_NAME = PubMerge;
				SDKROOT = auto;
				SUPPORTED_PLATFORMS = "iphoneos iphonesimulator macosx";
				SUPPORTS_MACCATALYST = NO;
				SUPPORTS_MAC_DESIGNED_FOR_IPHONE_IPAD = NO;
				SUPPORTS_XR_DESIGNED_FOR_IPHONE_IPAD = YES;
				TARGETED_DEVICE_FAMILY = "1,2";
			};
			name = Debug;
		};
		971057CCBB0A4254C07F147D /* Release */ = {
			isa = XCBuildConfiguration;
			buildSettings = {
				ALWAYS_SEARCH_USER_PATHS = NO;
				CLANG_ANALYZER_NONNULL = YES;
				CLANG_ANALYZER_NUMBER_OBJECT_CONVERSION = YES_AGGRESSIVE;
				CLANG_CXX_LANGUAGE_STANDARD = "gnu++14";
				CLANG_CXX_LIBRARY = "libc++";
				CLANG_ENABLE_MODULES = YES;
				CLANG_ENABLE_OBJC_ARC = YES;
				CLANG_ENABLE_OBJC_WEAK = YES;
				CLANG_WARN_BLOCK_CAPTURE_AUTORELEASING = YES;
				CLANG_WARN_BOOL_CONVERSION = YES;
				CLANG_WARN_COMMA = YES;
				CLANG_WARN_CONSTANT_CONVERSION = YES;
				CLANG_WARN_DEPRECATED_OBJC_IMPLEMENTATIONS = YES;
				CLANG_WARN_DIRECT_OBJC_ISA_USAGE = YES_ERROR;
				CLANG_WARN_DOCUMENTATION_COMMENTS = YES;
				CLANG_WARN_EMPTY_BODY = YES;
				CLANG_WARN_ENUM_CONVERSION = YES;
				CLANG_WARN_INFINITE_RECURSION = YES;
				CLANG_WARN_INT_CONVERSION = YES;
				CLANG_WARN_NON_LITERAL_NULL_CONVERSION = YES;
				CLANG_WARN_OBJC_IMPLICIT_RETAIN_SELF = YES;
				CLANG_WARN_OBJC_LITERAL_CONVERSION = YES;
				CLANG_WARN_OBJC_ROOT_CLASS = YES_ERROR;
				CLANG_WARN_QUOTED_INCLUDE_IN_FRAMEWORK_HEADER = YES;
				CLANG_WARN_RANGE_LOOP_ANALYSIS = YES;
				CLANG_WARN_STRICT_PROTOTYPES = YES;
				CLANG_WARN_SUSPICIOUS_MOVE = YES;
				CLANG_WARN_UNGUARDED_AVAILABILITY = YES_AGGRESSIVE;
				CLANG_WARN_UNREACHABLE_CODE = YES;
				CLANG_WARN__DUPLICATE_METHOD_MATCH = YES;
				CODE_SIGN_STYLE = Automatic;
				COPY_PHASE_STRIP = NO;
				CURRENT_PROJECT_VERSION = 1;
				DEBUG_INFORMATION_FORMAT = "dwarf-with-dsym";
				ENABLE_NS_ASSERTIONS = NO;
				ENABLE_STRICT_OBJC_MSGSEND = YES;
				ENABLE_USER_SCRIPT_SANDBOXING = YES;
				GCC_C_LANGUAGE_STANDARD = gnu11;
				GCC_NO_COMMON_BLOCKS = YES;
				GCC_WARN_64_TO_32_BIT_CONVERSION = YES;
				GCC_WARN_ABOUT_RETURN_TYPE = YES_ERROR;
				GCC_WARN_UNDECLARED_SELECTOR = YES;
				GCC_WARN_UNINITIALIZED_AUTOS = YES_AGGRESSIVE;
				GCC_WARN_UNUSED_FUNCTION = YES;
				GCC_WARN_UNUSED_VARIABLE = YES;
				GENERATE_INFOPLIST_FILE = YES;
				INFOPLIST_KEY_CFBundleDisplayName = PubMerge;
				INFOPLIST_KEY_LSApplicationCategoryType = "public.app-category.utilities";
				INFOPLIST_KEY_LSSupportsOpeningDocumentsInPlace = NO;
				IPHONEOS_DEPLOYMENT_TARGET = 17.0;
				MACOSX_DEPLOYMENT_TARGET = 14.0;
				MARKETING_VERSION = 1.0.0;
				MTL_ENABLE_DEBUG_INFO = NO;
				MTL_FAST_MATH = YES;
				PRODUCT_NAME = "$(TARGET_NAME)";
				SWIFT_COMPILATION_MODE = wholemodule;
				SWIFT_OPTIMIZATION_LEVEL = "-O";
				SWIFT_STRICT_CONCURRENCY = complete;
				SWIFT_VERSION = 6.0;
			};
			name = Release;
		};
		999947F8AA986159746D16AF /* Release */ = {
			isa = XCBuildConfiguration;
			buildSettings = {
				BUNDLE_LOADER = "$(TEST_HOST)";
				COMBINE_HIDPI_IMAGES = YES;
				GENERATE_INFOPLIST_FILE = YES;
				LD_RUNPATH_SEARCH_PATHS = (
					"@executable_path/../Frameworks",
					"@loader_path/../Frameworks",
				);
				PRODUCT_BUNDLE_IDENTIFIER = app.pubmerge.PubMergeTests;
				SDKROOT = macosx;
			};
			name = Release;
		};
		CC1C50CF50C892C3E4289A96 /* Debug */ = {
			isa = XCBuildConfiguration;
			buildSettings = {
				BUNDLE_LOADER = "$(TEST_HOST)";
				COMBINE_HIDPI_IMAGES = YES;
				GENERATE_INFOPLIST_FILE = YES;
				LD_RUNPATH_SEARCH_PATHS = (
					"@executable_path/../Frameworks",
					"@loader_path/../Frameworks",
				);
				PRODUCT_BUNDLE_IDENTIFIER = app.pubmerge.PubMergeTests;
				SDKROOT = macosx;
			};
			name = Debug;
		};
		F2579482F3DE3302313D31D0 /* Debug */ = {
			isa = XCBuildConfiguration;
			buildSettings = {
				ALWAYS_SEARCH_USER_PATHS = NO;
				CLANG_ANALYZER_NONNULL = YES;
				CLANG_ANALYZER_NUMBER_OBJECT_CONVERSION = YES_AGGRESSIVE;
				CLANG_CXX_LANGUAGE_STANDARD = "gnu++14";
				CLANG_CXX_LIBRARY = "libc++";
				CLANG_ENABLE_MODULES = YES;
				CLANG_ENABLE_OBJC_ARC = YES;
				CLANG_ENABLE_OBJC_WEAK = YES;
				CLANG_WARN_BLOCK_CAPTURE_AUTORELEASING = YES;
				CLANG_WARN_BOOL_CONVERSION = YES;
				CLANG_WARN_COMMA = YES;
				CLANG_WARN_CONSTANT_CONVERSION = YES;
				CLANG_WARN_DEPRECATED_OBJC_IMPLEMENTATIONS = YES;
				CLANG_WARN_DIRECT_OBJC_ISA_USAGE = YES_ERROR;
				CLANG_WARN_DOCUMENTATION_COMMENTS = YES;
				CLANG_WARN_EMPTY_BODY = YES;
				CLANG_WARN_ENUM_CONVERSION = YES;
				CLANG_WARN_INFINITE_RECURSION = YES;
				CLANG_WARN_INT_CONVERSION = YES;
				CLANG_WARN_NON_LITERAL_NULL_CONVERSION = YES;
				CLANG_WARN_OBJC_IMPLICIT_RETAIN_SELF = YES;
				CLANG_WARN_OBJC_LITERAL_CONVERSION = YES;
				CLANG_WARN_OBJC_ROOT_CLASS = YES_ERROR;
				CLANG_WARN_QUOTED_INCLUDE_IN_FRAMEWORK_HEADER = YES;
				CLANG_WARN_RANGE_LOOP_ANALYSIS = YES;
				CLANG_WARN_STRICT_PROTOTYPES = YES;
				CLANG_WARN_SUSPICIOUS_MOVE = YES;
				CLANG_WARN_UNGUARDED_AVAILABILITY = YES_AGGRESSIVE;
				CLANG_WARN_UNREACHABLE_CODE = YES;
				CLANG_WARN__DUPLICATE_METHOD_MATCH = YES;
				CODE_SIGN_STYLE = Automatic;
				COPY_PHASE_STRIP = NO;
				CURRENT_PROJECT_VERSION = 1;
				DEBUG_INFORMATION_FORMAT = dwarf;
				ENABLE_STRICT_OBJC_MSGSEND = YES;
				ENABLE_TESTABILITY = YES;
				ENABLE_USER_SCRIPT_SANDBOXING = YES;
				GCC_C_LANGUAGE_STANDARD = gnu11;
				GCC_DYNAMIC_NO_PIC = NO;
				GCC_NO_COMMON_BLOCKS = YES;
				GCC_OPTIMIZATION_LEVEL = 0;
				GCC_PREPROCESSOR_DEFINITIONS = (
					"$(inherited)",
					"DEBUG=1",
				);
				GCC_WARN_64_TO_32_BIT_CONVERSION = YES;
				GCC_WARN_ABOUT_RETURN_TYPE = YES_ERROR;
				GCC_WARN_UNDECLARED_SELECTOR = YES;
				GCC_WARN_UNINITIALIZED_AUTOS = YES_AGGRESSIVE;
				GCC_WARN_UNUSED_FUNCTION = YES;
				GCC_WARN_UNUSED_VARIABLE = YES;
				GENERATE_INFOPLIST_FILE = YES;
				INFOPLIST_KEY_CFBundleDisplayName = PubMerge;
				INFOPLIST_KEY_LSApplicationCategoryType = "public.app-category.utilities";
				INFOPLIST_KEY_LSSupportsOpeningDocumentsInPlace = NO;
				IPHONEOS_DEPLOYMENT_TARGET = 17.0;
				MACOSX_DEPLOYMENT_TARGET = 14.0;
				MARKETING_VERSION = 1.0.0;
				MTL_ENABLE_DEBUG_INFO = INCLUDE_SOURCE;
				MTL_FAST_MATH = YES;
				ONLY_ACTIVE_ARCH = YES;
				PRODUCT_NAME = "$(TARGET_NAME)";
				SWIFT_ACTIVE_COMPILATION_CONDITIONS = DEBUG;
				SWIFT_OPTIMIZATION_LEVEL = "-Onone";
				SWIFT_STRICT_CONCURRENCY = complete;
				SWIFT_VERSION = 6.0;
			};
			name = Debug;
		};
/* End XCBuildConfiguration section */

/* Begin XCConfigurationList section */
		123E34F7A0831C6591F4CCDA /* Build configuration list for PBXProject "PubMerge" */ = {
			isa = XCConfigurationList;
			buildConfigurations = (
				F2579482F3DE3302313D31D0 /* Debug */,
				971057CCBB0A4254C07F147D /* Release */,
			);
			defaultConfigurationIsVisible = 0;
			defaultConfigurationName = Debug;
		};
		596B2520C44634EF5D101C7F /* Build configuration list for PBXNativeTarget "PubMerge" */ = {
			isa = XCConfigurationList;
			buildConfigurations = (
				8730C4A8773495A59AD5DA67 /* Debug */,
				79633FF2A6E2209CD6701B9A /* Release */,
			);
			defaultConfigurationIsVisible = 0;
			defaultConfigurationName = Debug;
		};
		B02579D8CFC2331A23B52A1A /* Build configuration list for PBXNativeTarget "PubMergeCoreTests" */ = {
			isa = XCConfigurationList;
			buildConfigurations = (
				CC1C50CF50C892C3E4289A96 /* Debug */,
				999947F8AA986159746D16AF /* Release */,
			);
			defaultConfigurationIsVisible = 0;
			defaultConfigurationName = Debug;
		};
/* End XCConfigurationList section */

/* Begin XCLocalSwiftPackageReference section */
		B9BCF2ACFC8D07D1C5099451 /* XCLocalSwiftPackageReference "Packages/PubMergeCore" */ = {
			isa = XCLocalSwiftPackageReference;
			relativePath = Packages/PubMergeCore;
		};
/* End XCLocalSwiftPackageReference section */

/* Begin XCSwiftPackageProductDependency section */
		1A06414EC7E14CC864C762F6 /* PubMergeCore */ = {
			isa = XCSwiftPackageProductDependency;
			productName = PubMergeCore;
		};
		CBC393250AFF60A1BEB3FD33 /* PubMergeCore */ = {
			isa = XCSwiftPackageProductDependency;
			productName = PubMergeCore;
		};
/* End XCSwiftPackageProductDependency section */
	};
	rootObject = 6AB158C00FA82075B0B005A3 /* Project object */;
}
